
Microsoft Visual Studio Solution File, Format Version 12.00
# Visual Studio Version 17
VisualStudioVersion = 17.7.34024.191
MinimumVisualStudioVersion = 10.0.40219.1
Project("{FAE04EC0-301F-11D3-BF4B-00C04F79EFBC}") = "EmployeeRegistration", "EmployeeRegistration\EmployeeRegistration.csproj", "{756E8F9C-EA3D-4A81-AE20-0423DB9369DE}"
EndProject
Project("{FAE04EC0-301F-11D3-BF4B-00C04F79EFBC}") = "DAL", "DAL\DAL.csproj", "{05B56A08-9D90-4950-A2EB-5C96D3B0191F}"
EndProject
Project("{FAE04EC0-301F-11D3-BF4B-00C04F79EFBC}") = "PrasadModel", "PrasadModel\PrasadModel.csproj", "{A4F8D54A-6A36-4D7C-BE44-FC3016D17DF8}"
EndProject
Global
	GlobalSection(SolutionConfigurationPlatforms) = preSolution
		Debug|Any CPU = Debug|Any CPU
		Release|Any CPU = Release|Any CPU
	EndGlobalSection
	GlobalSection(ProjectConfigurationPlatforms) = postSolution
		{756E8F9C-EA3D-4A81-AE20-0423DB9369DE}.Debug|Any CPU.ActiveCfg = Debug|Any CPU
		{756E8F9C-EA3D-4A81-AE20-0423DB9369DE}.Debug|Any CPU.Build.0 = Debug|Any CPU
		{756E8F9C-EA3D-4A81-AE20-0423DB9369DE}.Release|Any CPU.ActiveCfg = Release|Any CPU
		{756E8F9C-EA3D-4A81-AE20-0423DB9369DE}.Release|Any CPU.Build.0 = Release|Any CPU
		{05B56A08-9D90-4950-A2EB-5C96D3B0191F}.Debug|Any CPU.ActiveCfg = Debug|Any CPU
		{05B56A08-9D90-4950-A2EB-5C96D3B0191F}.Debug|Any CPU.Build.0 = Debug|Any CPU
		{05B56A08-9D90-4950-A2EB-5C96D3B0191F}.Release|Any CPU.ActiveCfg = Release|Any CPU
		{05B56A08-9D90-4950-A2EB-5C96D3B0191F}.Release|Any CPU.Build.0 = Release|Any CPU
		{A4F8D54A-6A36-4D7C-BE44-FC3016D17DF8}.Debug|Any CPU.ActiveCfg = Debug|Any CPU
		{A4F8D54A-6A36-4D7C-BE44-FC3016D17DF8}.Debug|Any CPU.Build.0 = Debug|Any CPU
		{A4F8D54A-6A36-4D7C-BE44-FC3016D17DF8}.Release|Any CPU.ActiveCfg = Release|Any CPU
		{A4F8D54A-6A36-4D7C-BE44-FC3016D17DF8}.Release|Any CPU.Build.0 = Release|Any CPU
	EndGlobalSection
	GlobalSection(SolutionProperties) = preSolution
		HideSolutionNode = FALSE
	EndGlobalSection
	GlobalSection(ExtensibilityGlobals) = postSolution
		SolutionGuid = {66EBE047-5A50-485C-82DA-6F7709E7C6A3}
	EndGlobalSection
EndGlobal
